
Microsoft Visual Studio Solution File, Format Version 11.00
# Visual Studio 2010
Project("{FAE04EC0-301F-11D3-BF4B-00C04F79EFBC}") = "UniGLTF", "UniGLTF.csproj", "{9d064c2e-0998-3bfa-4af4-e24aa1229795}"
EndProject
Project("{FAE04EC0-301F-11D3-BF4B-00C04F79EFBC}") = "VRMShaders.GLTF.IO.Runtime", "VRMShaders.GLTF.IO.Runtime.csproj", "{9b4a35f9-10e3-8b75-af39-fee6b5e52f8a}"
EndProject
Project("{FAE04EC0-301F-11D3-BF4B-00C04F79EFBC}") = "VRM10", "VRM10.csproj", "{f585a3b6-1524-500f-675f-e60e7c6a76e2}"
EndProject
Project("{FAE04EC0-301F-11D3-BF4B-00C04F79EFBC}") = "VRMShaders.VRM10.MToon10.Runtime", "VRMShaders.VRM10.MToon10.Runtime.csproj", "{53e4b476-63ef-418c-6b62-660f2ff47d46}"
EndProject
Project("{FAE04EC0-301F-11D3-BF4B-00C04F79EFBC}") = "Assembly-CSharp", "Assembly-CSharp.csproj", "{8688ab72-dbc2-c537-faa3-8ade1b08817e}"
EndProject
Project("{FAE04EC0-301F-11D3-BF4B-00C04F79EFBC}") = "UniHumanoid", "UniHumanoid.csproj", "{1c9365f3-8c22-e982-6cc2-65fc628f455a}"
EndProject
Project("{FAE04EC0-301F-11D3-BF4B-00C04F79EFBC}") = "VrmLib", "VrmLib.csproj", "{becacf57-9a61-17c8-1336-9addb5923258}"
EndProject
Project("{FAE04EC0-301F-11D3-BF4B-00C04F79EFBC}") = "FastSpringBone10", "FastSpringBone10.csproj", "{ad9567bc-adf6-e65b-92cb-296afb394423}"
EndProject
Project("{FAE04EC0-301F-11D3-BF4B-00C04F79EFBC}") = "VRMShaders.GLTF.UniUnlit.Runtime", "VRMShaders.GLTF.UniUnlit.Runtime.csproj", "{74dc4f98-02e8-584f-ad16-5f13be73c26c}"
EndProject
Project("{FAE04EC0-301F-11D3-BF4B-00C04F79EFBC}") = "MToon", "MToon.csproj", "{ea962a0d-97d8-1a38-314f-6486bdc0ce3d}"
EndProject
Project("{FAE04EC0-301F-11D3-BF4B-00C04F79EFBC}") = "VRMShaders.VRM10.Format.Runtime", "VRMShaders.VRM10.Format.Runtime.csproj", "{9a427886-50cb-0481-c7b1-34804c03ea95}"
EndProject
Project("{FAE04EC0-301F-11D3-BF4B-00C04F79EFBC}") = "UniGLTF.Utils", "UniGLTF.Utils.csproj", "{14bd6a44-7044-f3d5-d227-a2efcba1dd19}"
EndProject
Project("{FAE04EC0-301F-11D3-BF4B-00C04F79EFBC}") = "VRMShaders.VRM.IO.Runtime", "VRMShaders.VRM.IO.Runtime.csproj", "{270ff33d-85e2-93b4-76b3-6d9387e2f78a}"
EndProject
Project("{FAE04EC0-301F-11D3-BF4B-00C04F79EFBC}") = "VRMShaders.GLTF.IO.Tests", "VRMShaders.GLTF.IO.Tests.csproj", "{8e7e5102-9df2-219b-8dda-df57c02633a5}"
EndProject
Project("{FAE04EC0-301F-11D3-BF4B-00C04F79EFBC}") = "UniGLTF.Tests", "UniGLTF.Tests.csproj", "{9a0ac587-37c1-5ca6-3cdb-8e8a61bdc51a}"
EndProject
Project("{FAE04EC0-301F-11D3-BF4B-00C04F79EFBC}") = "VRMShaders.GLTF.UniUnlit.Editor", "VRMShaders.GLTF.UniUnlit.Editor.csproj", "{5914e632-89c4-83f3-22ef-f1a982e99cc5}"
EndProject
Project("{FAE04EC0-301F-11D3-BF4B-00C04F79EFBC}") = "VRM10.Tests", "VRM10.Tests.csproj", "{463fe1e0-063e-6167-1b72-f907675430f6}"
EndProject
Project("{FAE04EC0-301F-11D3-BF4B-00C04F79EFBC}") = "UniGLTF.Editor", "UniGLTF.Editor.csproj", "{52d3316c-2457-bba4-343b-f1fc82bf181f}"
EndProject
Project("{FAE04EC0-301F-11D3-BF4B-00C04F79EFBC}") = "VRM10.Editor", "VRM10.Editor.csproj", "{6cc35129-0f08-c382-4e62-4ff5eef0522d}"
EndProject
Project("{FAE04EC0-301F-11D3-BF4B-00C04F79EFBC}") = "UniHumanoid.Editor", "UniHumanoid.Editor.csproj", "{a298adcf-6250-c248-6a13-73e197340209}"
EndProject
Project("{FAE04EC0-301F-11D3-BF4B-00C04F79EFBC}") = "VrmLibTests", "VrmLibTests.csproj", "{3a9eb876-3a37-f38b-15ab-81bf787a8796}"
EndProject
Project("{FAE04EC0-301F-11D3-BF4B-00C04F79EFBC}") = "VRMShaders.VRM10.MToon10.Editor", "VRMShaders.VRM10.MToon10.Editor.csproj", "{0463eee1-dd13-e4d1-4dee-e7e91e18db73}"
EndProject
Project("{FAE04EC0-301F-11D3-BF4B-00C04F79EFBC}") = "MToon.Editor", "MToon.Editor.csproj", "{62806ea2-bbb8-e428-98b0-f403012f85f9}"
EndProject
Project("{FAE04EC0-301F-11D3-BF4B-00C04F79EFBC}") = "VRMShaders.GLTF.IO.Editor", "VRMShaders.GLTF.IO.Editor.csproj", "{d094f9fb-a9a1-ca73-73a6-0af758b5c6ea}"
EndProject
Project("{FAE04EC0-301F-11D3-BF4B-00C04F79EFBC}") = "VRMShaders.VRM10.MToon10.Tests", "VRMShaders.VRM10.MToon10.Tests.csproj", "{fd5e49fe-9908-ed37-3327-123e269495ff}"
EndProject
Project("{FAE04EC0-301F-11D3-BF4B-00C04F79EFBC}") = "UniHumanoid.Editor.Tests", "UniHumanoid.Editor.Tests.csproj", "{cdf3caf2-8004-a486-3a18-543dbe538959}"
EndProject
Global
	GlobalSection(SolutionConfigurationPlatforms) = preSolution
		Debug|Any CPU = Debug|Any CPU
	EndGlobalSection
	GlobalSection(ProjectConfigurationPlatforms) = postSolution
		{9d064c2e-0998-3bfa-4af4-e24aa1229795}.Debug|Any CPU.ActiveCfg = Debug|Any CPU
		{9d064c2e-0998-3bfa-4af4-e24aa1229795}.Debug|Any CPU.Build.0 = Debug|Any CPU
		{9b4a35f9-10e3-8b75-af39-fee6b5e52f8a}.Debug|Any CPU.ActiveCfg = Debug|Any CPU
		{9b4a35f9-10e3-8b75-af39-fee6b5e52f8a}.Debug|Any CPU.Build.0 = Debug|Any CPU
		{f585a3b6-1524-500f-675f-e60e7c6a76e2}.Debug|Any CPU.ActiveCfg = Debug|Any CPU
		{f585a3b6-1524-500f-675f-e60e7c6a76e2}.Debug|Any CPU.Build.0 = Debug|Any CPU
		{53e4b476-63ef-418c-6b62-660f2ff47d46}.Debug|Any CPU.ActiveCfg = Debug|Any CPU
		{53e4b476-63ef-418c-6b62-660f2ff47d46}.Debug|Any CPU.Build.0 = Debug|Any CPU
		{8688ab72-dbc2-c537-faa3-8ade1b08817e}.Debug|Any CPU.ActiveCfg = Debug|Any CPU
		{8688ab72-dbc2-c537-faa3-8ade1b08817e}.Debug|Any CPU.Build.0 = Debug|Any CPU
		{1c9365f3-8c22-e982-6cc2-65fc628f455a}.Debug|Any CPU.ActiveCfg = Debug|Any CPU
		{1c9365f3-8c22-e982-6cc2-65fc628f455a}.Debug|Any CPU.Build.0 = Debug|Any CPU
		{becacf57-9a61-17c8-1336-9addb5923258}.Debug|Any CPU.ActiveCfg = Debug|Any CPU
		{becacf57-9a61-17c8-1336-9addb5923258}.Debug|Any CPU.Build.0 = Debug|Any CPU
		{ad9567bc-adf6-e65b-92cb-296afb394423}.Debug|Any CPU.ActiveCfg = Debug|Any CPU
		{ad9567bc-adf6-e65b-92cb-296afb394423}.Debug|Any CPU.Build.0 = Debug|Any CPU
		{74dc4f98-02e8-584f-ad16-5f13be73c26c}.Debug|Any CPU.ActiveCfg = Debug|Any CPU
		{74dc4f98-02e8-584f-ad16-5f13be73c26c}.Debug|Any CPU.Build.0 = Debug|Any CPU
		{ea962a0d-97d8-1a38-314f-6486bdc0ce3d}.Debug|Any CPU.ActiveCfg = Debug|Any CPU
		{ea962a0d-97d8-1a38-314f-6486bdc0ce3d}.Debug|Any CPU.Build.0 = Debug|Any CPU
		{9a427886-50cb-0481-c7b1-34804c03ea95}.Debug|Any CPU.ActiveCfg = Debug|Any CPU
		{9a427886-50cb-0481-c7b1-34804c03ea95}.Debug|Any CPU.Build.0 = Debug|Any CPU
		{14bd6a44-7044-f3d5-d227-a2efcba1dd19}.Debug|Any CPU.ActiveCfg = Debug|Any CPU
		{14bd6a44-7044-f3d5-d227-a2efcba1dd19}.Debug|Any CPU.Build.0 = Debug|Any CPU
		{270ff33d-85e2-93b4-76b3-6d9387e2f78a}.Debug|Any CPU.ActiveCfg = Debug|Any CPU
		{270ff33d-85e2-93b4-76b3-6d9387e2f78a}.Debug|Any CPU.Build.0 = Debug|Any CPU
		{8e7e5102-9df2-219b-8dda-df57c02633a5}.Debug|Any CPU.ActiveCfg = Debug|Any CPU
		{8e7e5102-9df2-219b-8dda-df57c02633a5}.Debug|Any CPU.Build.0 = Debug|Any CPU
		{9a0ac587-37c1-5ca6-3cdb-8e8a61bdc51a}.Debug|Any CPU.ActiveCfg = Debug|Any CPU
		{9a0ac587-37c1-5ca6-3cdb-8e8a61bdc51a}.Debug|Any CPU.Build.0 = Debug|Any CPU
		{5914e632-89c4-83f3-22ef-f1a982e99cc5}.Debug|Any CPU.ActiveCfg = Debug|Any CPU
		{5914e632-89c4-83f3-22ef-f1a982e99cc5}.Debug|Any CPU.Build.0 = Debug|Any CPU
		{463fe1e0-063e-6167-1b72-f907675430f6}.Debug|Any CPU.ActiveCfg = Debug|Any CPU
		{463fe1e0-063e-6167-1b72-f907675430f6}.Debug|Any CPU.Build.0 = Debug|Any CPU
		{52d3316c-2457-bba4-343b-f1fc82bf181f}.Debug|Any CPU.ActiveCfg = Debug|Any CPU
		{52d3316c-2457-bba4-343b-f1fc82bf181f}.Debug|Any CPU.Build.0 = Debug|Any CPU
		{6cc35129-0f08-c382-4e62-4ff5eef0522d}.Debug|Any CPU.ActiveCfg = Debug|Any CPU
		{6cc35129-0f08-c382-4e62-4ff5eef0522d}.Debug|Any CPU.Build.0 = Debug|Any CPU
		{a298adcf-6250-c248-6a13-73e197340209}.Debug|Any CPU.ActiveCfg = Debug|Any CPU
		{a298adcf-6250-c248-6a13-73e197340209}.Debug|Any CPU.Build.0 = Debug|Any CPU
		{3a9eb876-3a37-f38b-15ab-81bf787a8796}.Debug|Any CPU.ActiveCfg = Debug|Any CPU
		{3a9eb876-3a37-f38b-15ab-81bf787a8796}.Debug|Any CPU.Build.0 = Debug|Any CPU
		{0463eee1-dd13-e4d1-4dee-e7e91e18db73}.Debug|Any CPU.ActiveCfg = Debug|Any CPU
		{0463eee1-dd13-e4d1-4dee-e7e91e18db73}.Debug|Any CPU.Build.0 = Debug|Any CPU
		{62806ea2-bbb8-e428-98b0-f403012f85f9}.Debug|Any CPU.ActiveCfg = Debug|Any CPU
		{62806ea2-bbb8-e428-98b0-f403012f85f9}.Debug|Any CPU.Build.0 = Debug|Any CPU
		{d094f9fb-a9a1-ca73-73a6-0af758b5c6ea}.Debug|Any CPU.ActiveCfg = Debug|Any CPU
		{d094f9fb-a9a1-ca73-73a6-0af758b5c6ea}.Debug|Any CPU.Build.0 = Debug|Any CPU
		{fd5e49fe-9908-ed37-3327-123e269495ff}.Debug|Any CPU.ActiveCfg = Debug|Any CPU
		{fd5e49fe-9908-ed37-3327-123e269495ff}.Debug|Any CPU.Build.0 = Debug|Any CPU
		{cdf3caf2-8004-a486-3a18-543dbe538959}.Debug|Any CPU.ActiveCfg = Debug|Any CPU
		{cdf3caf2-8004-a486-3a18-543dbe538959}.Debug|Any CPU.Build.0 = Debug|Any CPU
	EndGlobalSection
	GlobalSection(SolutionProperties) = preSolution
		HideSolutionNode = FALSE
	EndGlobalSection
EndGlobal
