
Microsoft Visual Studio Solution File, Format Version 12.00
# Visual Studio 15
Project("{FAE04EC0-301F-11D3-BF4B-00C04F79EFBC}") = "UniGLTF", "UniGLTF.csproj", "{2E4C069D-9809-FA3B-4AF4-E24AA1229795}"
EndProject
Project("{FAE04EC0-301F-11D3-BF4B-00C04F79EFBC}") = "VRMShaders.GLTF.IO.Runtime", "VRMShaders.GLTF.IO.Runtime.csproj", "{F9354A9B-E310-758B-AF39-FEE6B5E52F8A}"
EndProject
Project("{FAE04EC0-301F-11D3-BF4B-00C04F79EFBC}") = "VRM10", "VRM10.csproj", "{B6A385F5-2415-0F50-675F-E60E7C6A76E2}"
EndProject
Project("{FAE04EC0-301F-11D3-BF4B-00C04F79EFBC}") = "VRMShaders.VRM10.MToon10.Runtime", "VRMShaders.VRM10.MToon10.Runtime.csproj", "{76B4E453-EF63-8C41-6B62-660F2FF47D46}"
EndProject
Project("{FAE04EC0-301F-11D3-BF4B-00C04F79EFBC}") = "Assembly-CSharp", "Assembly-CSharp.csproj", "{72AB8886-C2DB-37C5-FAA3-8ADE1B08817E}"
EndProject
Project("{FAE04EC0-301F-11D3-BF4B-00C04F79EFBC}") = "UniHumanoid", "UniHumanoid.csproj", "{F365931C-228C-82E9-6CC2-65FC628F455A}"
EndProject
Project("{FAE04EC0-301F-11D3-BF4B-00C04F79EFBC}") = "VrmLib", "VrmLib.csproj", "{57CFCABE-619A-C817-1336-9ADDB5923258}"
EndProject
Project("{FAE04EC0-301F-11D3-BF4B-00C04F79EFBC}") = "FastSpringBone10", "FastSpringBone10.csproj", "{BC6795AD-F6AD-5BE6-92CB-296AFB394423}"
EndProject
Project("{FAE04EC0-301F-11D3-BF4B-00C04F79EFBC}") = "VRMShaders.GLTF.UniUnlit.Runtime", "VRMShaders.GLTF.UniUnlit.Runtime.csproj", "{984FDC74-E802-4F58-AD16-5F13BE73C26C}"
EndProject
Project("{FAE04EC0-301F-11D3-BF4B-00C04F79EFBC}") = "MToon", "MToon.csproj", "{0D2A96EA-D897-381A-314F-6486BDC0CE3D}"
EndProject
Project("{FAE04EC0-301F-11D3-BF4B-00C04F79EFBC}") = "VRMShaders.VRM10.Format.Runtime", "VRMShaders.VRM10.Format.Runtime.csproj", "{8678429A-CB50-8104-C7B1-34804C03EA95}"
EndProject
Project("{FAE04EC0-301F-11D3-BF4B-00C04F79EFBC}") = "UniGLTF.Utils", "UniGLTF.Utils.csproj", "{446ABD14-4470-D5F3-D227-A2EFCBA1DD19}"
EndProject
Project("{FAE04EC0-301F-11D3-BF4B-00C04F79EFBC}") = "VRMShaders.VRM.IO.Runtime", "VRMShaders.VRM.IO.Runtime.csproj", "{3DF30F27-E285-B493-76B3-6D9387E2F78A}"
EndProject
Project("{FAE04EC0-301F-11D3-BF4B-00C04F79EFBC}") = "VRMShaders.GLTF.IO.Tests", "VRMShaders.GLTF.IO.Tests.csproj", "{02517E8E-F29D-9B21-8DDA-DF57C02633A5}"
EndProject
Project("{FAE04EC0-301F-11D3-BF4B-00C04F79EFBC}") = "UniGLTF.Tests", "UniGLTF.Tests.csproj", "{87C50A9A-C137-A65C-3CDB-8E8A61BDC51A}"
EndProject
Project("{FAE04EC0-301F-11D3-BF4B-00C04F79EFBC}") = "VRMShaders.GLTF.UniUnlit.Editor", "VRMShaders.GLTF.UniUnlit.Editor.csproj", "{32E61459-C489-F383-22EF-F1A982E99CC5}"
EndProject
Project("{FAE04EC0-301F-11D3-BF4B-00C04F79EFBC}") = "VRM10.Tests", "VRM10.Tests.csproj", "{E0E13F46-3E06-6761-1B72-F907675430F6}"
EndProject
Project("{FAE04EC0-301F-11D3-BF4B-00C04F79EFBC}") = "UniGLTF.Editor", "UniGLTF.Editor.csproj", "{6C31D352-5724-A4BB-343B-F1FC82BF181F}"
EndProject
Project("{FAE04EC0-301F-11D3-BF4B-00C04F79EFBC}") = "VRM10.Editor", "VRM10.Editor.csproj", "{2951C36C-080F-82C3-4E62-4FF5EEF0522D}"
EndProject
Project("{FAE04EC0-301F-11D3-BF4B-00C04F79EFBC}") = "UniHumanoid.Editor", "UniHumanoid.Editor.csproj", "{CFAD98A2-5062-48C2-6A13-73E197340209}"
EndProject
Project("{FAE04EC0-301F-11D3-BF4B-00C04F79EFBC}") = "VrmLibTests", "VrmLibTests.csproj", "{76B89E3A-373A-8BF3-15AB-81BF787A8796}"
EndProject
Project("{FAE04EC0-301F-11D3-BF4B-00C04F79EFBC}") = "VRMShaders.VRM10.MToon10.Editor", "VRMShaders.VRM10.MToon10.Editor.csproj", "{E1EE6304-13DD-D1E4-4DEE-E7E91E18DB73}"
EndProject
Project("{FAE04EC0-301F-11D3-BF4B-00C04F79EFBC}") = "MToon.Editor", "MToon.Editor.csproj", "{A26E8062-B8BB-28E4-98B0-F403012F85F9}"
EndProject
Project("{FAE04EC0-301F-11D3-BF4B-00C04F79EFBC}") = "VRMShaders.GLTF.IO.Editor", "VRMShaders.GLTF.IO.Editor.csproj", "{FBF994D0-A1A9-73CA-73A6-0AF758B5C6EA}"
EndProject
Project("{FAE04EC0-301F-11D3-BF4B-00C04F79EFBC}") = "VRMShaders.VRM10.MToon10.Tests", "VRMShaders.VRM10.MToon10.Tests.csproj", "{FE495EFD-0899-37ED-3327-123E269495FF}"
EndProject
Project("{FAE04EC0-301F-11D3-BF4B-00C04F79EFBC}") = "UniHumanoid.Editor.Tests", "UniHumanoid.Editor.Tests.csproj", "{F2CAF3CD-0480-86A4-3A18-543DBE538959}"
EndProject
Global
	GlobalSection(SolutionConfigurationPlatforms) = preSolution
		Debug|Any CPU = Debug|Any CPU
		Release|Any CPU = Release|Any CPU
	EndGlobalSection
	GlobalSection(ProjectConfigurationPlatforms) = postSolution
		{2E4C069D-9809-FA3B-4AF4-E24AA1229795}.Debug|Any CPU.ActiveCfg = Debug|Any CPU
		{2E4C069D-9809-FA3B-4AF4-E24AA1229795}.Debug|Any CPU.Build.0 = Debug|Any CPU
		{2E4C069D-9809-FA3B-4AF4-E24AA1229795}.Release|Any CPU.ActiveCfg = Release|Any CPU
		{2E4C069D-9809-FA3B-4AF4-E24AA1229795}.Release|Any CPU.Build.0 = Release|Any CPU
		{F9354A9B-E310-758B-AF39-FEE6B5E52F8A}.Debug|Any CPU.ActiveCfg = Debug|Any CPU
		{F9354A9B-E310-758B-AF39-FEE6B5E52F8A}.Debug|Any CPU.Build.0 = Debug|Any CPU
		{F9354A9B-E310-758B-AF39-FEE6B5E52F8A}.Release|Any CPU.ActiveCfg = Release|Any CPU
		{F9354A9B-E310-758B-AF39-FEE6B5E52F8A}.Release|Any CPU.Build.0 = Release|Any CPU
		{B6A385F5-2415-0F50-675F-E60E7C6A76E2}.Debug|Any CPU.ActiveCfg = Debug|Any CPU
		{B6A385F5-2415-0F50-675F-E60E7C6A76E2}.Debug|Any CPU.Build.0 = Debug|Any CPU
		{B6A385F5-2415-0F50-675F-E60E7C6A76E2}.Release|Any CPU.ActiveCfg = Release|Any CPU
		{B6A385F5-2415-0F50-675F-E60E7C6A76E2}.Release|Any CPU.Build.0 = Release|Any CPU
		{76B4E453-EF63-8C41-6B62-660F2FF47D46}.Debug|Any CPU.ActiveCfg = Debug|Any CPU
		{76B4E453-EF63-8C41-6B62-660F2FF47D46}.Debug|Any CPU.Build.0 = Debug|Any CPU
		{76B4E453-EF63-8C41-6B62-660F2FF47D46}.Release|Any CPU.ActiveCfg = Release|Any CPU
		{76B4E453-EF63-8C41-6B62-660F2FF47D46}.Release|Any CPU.Build.0 = Release|Any CPU
		{72AB8886-C2DB-37C5-FAA3-8ADE1B08817E}.Debug|Any CPU.ActiveCfg = Debug|Any CPU
		{72AB8886-C2DB-37C5-FAA3-8ADE1B08817E}.Debug|Any CPU.Build.0 = Debug|Any CPU
		{72AB8886-C2DB-37C5-FAA3-8ADE1B08817E}.Release|Any CPU.ActiveCfg = Release|Any CPU
		{72AB8886-C2DB-37C5-FAA3-8ADE1B08817E}.Release|Any CPU.Build.0 = Release|Any CPU
		{F365931C-228C-82E9-6CC2-65FC628F455A}.Debug|Any CPU.ActiveCfg = Debug|Any CPU
		{F365931C-228C-82E9-6CC2-65FC628F455A}.Debug|Any CPU.Build.0 = Debug|Any CPU
		{F365931C-228C-82E9-6CC2-65FC628F455A}.Release|Any CPU.ActiveCfg = Release|Any CPU
		{F365931C-228C-82E9-6CC2-65FC628F455A}.Release|Any CPU.Build.0 = Release|Any CPU
		{57CFCABE-619A-C817-1336-9ADDB5923258}.Debug|Any CPU.ActiveCfg = Debug|Any CPU
		{57CFCABE-619A-C817-1336-9ADDB5923258}.Debug|Any CPU.Build.0 = Debug|Any CPU
		{57CFCABE-619A-C817-1336-9ADDB5923258}.Release|Any CPU.ActiveCfg = Release|Any CPU
		{57CFCABE-619A-C817-1336-9ADDB5923258}.Release|Any CPU.Build.0 = Release|Any CPU
		{BC6795AD-F6AD-5BE6-92CB-296AFB394423}.Debug|Any CPU.ActiveCfg = Debug|Any CPU
		{BC6795AD-F6AD-5BE6-92CB-296AFB394423}.Debug|Any CPU.Build.0 = Debug|Any CPU
		{BC6795AD-F6AD-5BE6-92CB-296AFB394423}.Release|Any CPU.ActiveCfg = Release|Any CPU
		{BC6795AD-F6AD-5BE6-92CB-296AFB394423}.Release|Any CPU.Build.0 = Release|Any CPU
		{984FDC74-E802-4F58-AD16-5F13BE73C26C}.Debug|Any CPU.ActiveCfg = Debug|Any CPU
		{984FDC74-E802-4F58-AD16-5F13BE73C26C}.Debug|Any CPU.Build.0 = Debug|Any CPU
		{984FDC74-E802-4F58-AD16-5F13BE73C26C}.Release|Any CPU.ActiveCfg = Release|Any CPU
		{984FDC74-E802-4F58-AD16-5F13BE73C26C}.Release|Any CPU.Build.0 = Release|Any CPU
		{0D2A96EA-D897-381A-314F-6486BDC0CE3D}.Debug|Any CPU.ActiveCfg = Debug|Any CPU
		{0D2A96EA-D897-381A-314F-6486BDC0CE3D}.Debug|Any CPU.Build.0 = Debug|Any CPU
		{0D2A96EA-D897-381A-314F-6486BDC0CE3D}.Release|Any CPU.ActiveCfg = Release|Any CPU
		{0D2A96EA-D897-381A-314F-6486BDC0CE3D}.Release|Any CPU.Build.0 = Release|Any CPU
		{8678429A-CB50-8104-C7B1-34804C03EA95}.Debug|Any CPU.ActiveCfg = Debug|Any CPU
		{8678429A-CB50-8104-C7B1-34804C03EA95}.Debug|Any CPU.Build.0 = Debug|Any CPU
		{8678429A-CB50-8104-C7B1-34804C03EA95}.Release|Any CPU.ActiveCfg = Release|Any CPU
		{8678429A-CB50-8104-C7B1-34804C03EA95}.Release|Any CPU.Build.0 = Release|Any CPU
		{446ABD14-4470-D5F3-D227-A2EFCBA1DD19}.Debug|Any CPU.ActiveCfg = Debug|Any CPU
		{446ABD14-4470-D5F3-D227-A2EFCBA1DD19}.Debug|Any CPU.Build.0 = Debug|Any CPU
		{446ABD14-4470-D5F3-D227-A2EFCBA1DD19}.Release|Any CPU.ActiveCfg = Release|Any CPU
		{446ABD14-4470-D5F3-D227-A2EFCBA1DD19}.Release|Any CPU.Build.0 = Release|Any CPU
		{3DF30F27-E285-B493-76B3-6D9387E2F78A}.Debug|Any CPU.ActiveCfg = Debug|Any CPU
		{3DF30F27-E285-B493-76B3-6D9387E2F78A}.Debug|Any CPU.Build.0 = Debug|Any CPU
		{3DF30F27-E285-B493-76B3-6D9387E2F78A}.Release|Any CPU.ActiveCfg = Release|Any CPU
		{3DF30F27-E285-B493-76B3-6D9387E2F78A}.Release|Any CPU.Build.0 = Release|Any CPU
		{02517E8E-F29D-9B21-8DDA-DF57C02633A5}.Debug|Any CPU.ActiveCfg = Debug|Any CPU
		{02517E8E-F29D-9B21-8DDA-DF57C02633A5}.Debug|Any CPU.Build.0 = Debug|Any CPU
		{02517E8E-F29D-9B21-8DDA-DF57C02633A5}.Release|Any CPU.ActiveCfg = Release|Any CPU
		{02517E8E-F29D-9B21-8DDA-DF57C02633A5}.Release|Any CPU.Build.0 = Release|Any CPU
		{87C50A9A-C137-A65C-3CDB-8E8A61BDC51A}.Debug|Any CPU.ActiveCfg = Debug|Any CPU
		{87C50A9A-C137-A65C-3CDB-8E8A61BDC51A}.Debug|Any CPU.Build.0 = Debug|Any CPU
		{87C50A9A-C137-A65C-3CDB-8E8A61BDC51A}.Release|Any CPU.ActiveCfg = Release|Any CPU
		{87C50A9A-C137-A65C-3CDB-8E8A61BDC51A}.Release|Any CPU.Build.0 = Release|Any CPU
		{32E61459-C489-F383-22EF-F1A982E99CC5}.Debug|Any CPU.ActiveCfg = Debug|Any CPU
		{32E61459-C489-F383-22EF-F1A982E99CC5}.Debug|Any CPU.Build.0 = Debug|Any CPU
		{32E61459-C489-F383-22EF-F1A982E99CC5}.Release|Any CPU.ActiveCfg = Release|Any CPU
		{32E61459-C489-F383-22EF-F1A982E99CC5}.Release|Any CPU.Build.0 = Release|Any CPU
		{E0E13F46-3E06-6761-1B72-F907675430F6}.Debug|Any CPU.ActiveCfg = Debug|Any CPU
		{E0E13F46-3E06-6761-1B72-F907675430F6}.Debug|Any CPU.Build.0 = Debug|Any CPU
		{E0E13F46-3E06-6761-1B72-F907675430F6}.Release|Any CPU.ActiveCfg = Release|Any CPU
		{E0E13F46-3E06-6761-1B72-F907675430F6}.Release|Any CPU.Build.0 = Release|Any CPU
		{6C31D352-5724-A4BB-343B-F1FC82BF181F}.Debug|Any CPU.ActiveCfg = Debug|Any CPU
		{6C31D352-5724-A4BB-343B-F1FC82BF181F}.Debug|Any CPU.Build.0 = Debug|Any CPU
		{6C31D352-5724-A4BB-343B-F1FC82BF181F}.Release|Any CPU.ActiveCfg = Release|Any CPU
		{6C31D352-5724-A4BB-343B-F1FC82BF181F}.Release|Any CPU.Build.0 = Release|Any CPU
		{2951C36C-080F-82C3-4E62-4FF5EEF0522D}.Debug|Any CPU.ActiveCfg = Debug|Any CPU
		{2951C36C-080F-82C3-4E62-4FF5EEF0522D}.Debug|Any CPU.Build.0 = Debug|Any CPU
		{2951C36C-080F-82C3-4E62-4FF5EEF0522D}.Release|Any CPU.ActiveCfg = Release|Any CPU
		{2951C36C-080F-82C3-4E62-4FF5EEF0522D}.Release|Any CPU.Build.0 = Release|Any CPU
		{CFAD98A2-5062-48C2-6A13-73E197340209}.Debug|Any CPU.ActiveCfg = Debug|Any CPU
		{CFAD98A2-5062-48C2-6A13-73E197340209}.Debug|Any CPU.Build.0 = Debug|Any CPU
		{CFAD98A2-5062-48C2-6A13-73E197340209}.Release|Any CPU.ActiveCfg = Release|Any CPU
		{CFAD98A2-5062-48C2-6A13-73E197340209}.Release|Any CPU.Build.0 = Release|Any CPU
		{76B89E3A-373A-8BF3-15AB-81BF787A8796}.Debug|Any CPU.ActiveCfg = Debug|Any CPU
		{76B89E3A-373A-8BF3-15AB-81BF787A8796}.Debug|Any CPU.Build.0 = Debug|Any CPU
		{76B89E3A-373A-8BF3-15AB-81BF787A8796}.Release|Any CPU.ActiveCfg = Release|Any CPU
		{76B89E3A-373A-8BF3-15AB-81BF787A8796}.Release|Any CPU.Build.0 = Release|Any CPU
		{E1EE6304-13DD-D1E4-4DEE-E7E91E18DB73}.Debug|Any CPU.ActiveCfg = Debug|Any CPU
		{E1EE6304-13DD-D1E4-4DEE-E7E91E18DB73}.Debug|Any CPU.Build.0 = Debug|Any CPU
		{E1EE6304-13DD-D1E4-4DEE-E7E91E18DB73}.Release|Any CPU.ActiveCfg = Release|Any CPU
		{E1EE6304-13DD-D1E4-4DEE-E7E91E18DB73}.Release|Any CPU.Build.0 = Release|Any CPU
		{A26E8062-B8BB-28E4-98B0-F403012F85F9}.Debug|Any CPU.ActiveCfg = Debug|Any CPU
		{A26E8062-B8BB-28E4-98B0-F403012F85F9}.Debug|Any CPU.Build.0 = Debug|Any CPU
		{A26E8062-B8BB-28E4-98B0-F403012F85F9}.Release|Any CPU.ActiveCfg = Release|Any CPU
		{A26E8062-B8BB-28E4-98B0-F403012F85F9}.Release|Any CPU.Build.0 = Release|Any CPU
		{FBF994D0-A1A9-73CA-73A6-0AF758B5C6EA}.Debug|Any CPU.ActiveCfg = Debug|Any CPU
		{FBF994D0-A1A9-73CA-73A6-0AF758B5C6EA}.Debug|Any CPU.Build.0 = Debug|Any CPU
		{FBF994D0-A1A9-73CA-73A6-0AF758B5C6EA}.Release|Any CPU.ActiveCfg = Release|Any CPU
		{FBF994D0-A1A9-73CA-73A6-0AF758B5C6EA}.Release|Any CPU.Build.0 = Release|Any CPU
		{FE495EFD-0899-37ED-3327-123E269495FF}.Debug|Any CPU.ActiveCfg = Debug|Any CPU
		{FE495EFD-0899-37ED-3327-123E269495FF}.Debug|Any CPU.Build.0 = Debug|Any CPU
		{FE495EFD-0899-37ED-3327-123E269495FF}.Release|Any CPU.ActiveCfg = Release|Any CPU
		{FE495EFD-0899-37ED-3327-123E269495FF}.Release|Any CPU.Build.0 = Release|Any CPU
		{F2CAF3CD-0480-86A4-3A18-543DBE538959}.Debug|Any CPU.ActiveCfg = Debug|Any CPU
		{F2CAF3CD-0480-86A4-3A18-543DBE538959}.Debug|Any CPU.Build.0 = Debug|Any CPU
		{F2CAF3CD-0480-86A4-3A18-543DBE538959}.Release|Any CPU.ActiveCfg = Release|Any CPU
		{F2CAF3CD-0480-86A4-3A18-543DBE538959}.Release|Any CPU.Build.0 = Release|Any CPU
	EndGlobalSection
	GlobalSection(SolutionProperties) = preSolution
		HideSolutionNode = FALSE
	EndGlobalSection
EndGlobal
